
Microsoft Visual Studio Solution File, Format Version 12.00
# Visual Studio Version 16
VisualStudioVersion = 16.0.33328.57
MinimumVisualStudioVersion = 10.0.40219.1
Project("{C9674DCB-5085-4A16-B785-4C70DD1589BD}") = "SSIS", "SSIS.dtproj", "{29FDDF02-F6CC-4137-87EF-1EA125DB5432}"
EndProject
Global
	GlobalSection(SolutionConfigurationPlatforms) = preSolution
		Development|Default = Development|Default
	EndGlobalSection
	GlobalSection(ProjectConfigurationPlatforms) = postSolution
		{29FDDF02-F6CC-4137-87EF-1EA125DB5432}.Development|Default.ActiveCfg = Development
		{29FDDF02-F6CC-4137-87EF-1EA125DB5432}.Development|Default.Build.0 = Development
	EndGlobalSection
	GlobalSection(SolutionProperties) = preSolution
		HideSolutionNode = FALSE
	EndGlobalSection
	GlobalSection(ExtensibilityGlobals) = postSolution
		SolutionGuid = {E728F16C-403A-46CA-94C0-D7858A262905}
	EndGlobalSection
EndGlobal
